
Microsoft Visual Studio Solution File, Format Version 12.00
# Visual Studio Version 16
VisualStudioVersion = 16.0.31112.23
MinimumVisualStudioVersion = 10.0.40219.1
Project("{FAE04EC0-301F-11D3-BF4B-00C04F79EFBC}") = "Client", "SocketTestUDP\Client.csproj", "{CCB25353-342C-46BF-A705-EAC648BCD901}"
EndProject
Project("{FAE04EC0-301F-11D3-BF4B-00C04F79EFBC}") = "Server", "Server\Server.csproj", "{A01FC35F-02F9-4D2A-8126-600D2E6098E2}"
EndProject
Global
	GlobalSection(SolutionConfigurationPlatforms) = preSolution
		Debug|Any CPU = Debug|Any CPU
		Release|Any CPU = Release|Any CPU
	EndGlobalSection
	GlobalSection(ProjectConfigurationPlatforms) = postSolution
		{CCB25353-342C-46BF-A705-EAC648BCD901}.Debug|Any CPU.ActiveCfg = Debug|Any CPU
		{CCB25353-342C-46BF-A705-EAC648BCD901}.Debug|Any CPU.Build.0 = Debug|Any CPU
		{CCB25353-342C-46BF-A705-EAC648BCD901}.Release|Any CPU.ActiveCfg = Release|Any CPU
		{CCB25353-342C-46BF-A705-EAC648BCD901}.Release|Any CPU.Build.0 = Release|Any CPU
		{A01FC35F-02F9-4D2A-8126-600D2E6098E2}.Debug|Any CPU.ActiveCfg = Debug|Any CPU
		{A01FC35F-02F9-4D2A-8126-600D2E6098E2}.Debug|Any CPU.Build.0 = Debug|Any CPU
		{A01FC35F-02F9-4D2A-8126-600D2E6098E2}.Release|Any CPU.ActiveCfg = Release|Any CPU
		{A01FC35F-02F9-4D2A-8126-600D2E6098E2}.Release|Any CPU.Build.0 = Release|Any CPU
	EndGlobalSection
	GlobalSection(SolutionProperties) = preSolution
		HideSolutionNode = FALSE
	EndGlobalSection
	GlobalSection(ExtensibilityGlobals) = postSolution
		SolutionGuid = {1D7D769F-7795-4281-9F97-7BAD221F6B94}
	EndGlobalSection
EndGlobal
