
Microsoft Visual Studio Solution File, Format Version 12.00
# Visual Studio Version 16
VisualStudioVersion = 16.0.31112.23
MinimumVisualStudioVersion = 10.0.40219.1
Project("{FAE04EC0-301F-11D3-BF4B-00C04F79EFBC}") = "SocketServer", "SocketServer\SocketServer.csproj", "{48F7D6A8-CD11-459E-A3E3-B40067D0DE3C}"
EndProject
Project("{FAE04EC0-301F-11D3-BF4B-00C04F79EFBC}") = "SocketClient", "SocketClient\SocketClient.csproj", "{339236B6-0308-4AD2-9C38-A124143D0944}"
EndProject
Global
	GlobalSection(SolutionConfigurationPlatforms) = preSolution
		Debug|Any CPU = Debug|Any CPU
		Release|Any CPU = Release|Any CPU
	EndGlobalSection
	GlobalSection(ProjectConfigurationPlatforms) = postSolution
		{48F7D6A8-CD11-459E-A3E3-B40067D0DE3C}.Debug|Any CPU.ActiveCfg = Debug|Any CPU
		{48F7D6A8-CD11-459E-A3E3-B40067D0DE3C}.Debug|Any CPU.Build.0 = Debug|Any CPU
		{48F7D6A8-CD11-459E-A3E3-B40067D0DE3C}.Release|Any CPU.ActiveCfg = Release|Any CPU
		{48F7D6A8-CD11-459E-A3E3-B40067D0DE3C}.Release|Any CPU.Build.0 = Release|Any CPU
		{339236B6-0308-4AD2-9C38-A124143D0944}.Debug|Any CPU.ActiveCfg = Debug|Any CPU
		{339236B6-0308-4AD2-9C38-A124143D0944}.Debug|Any CPU.Build.0 = Debug|Any CPU
		{339236B6-0308-4AD2-9C38-A124143D0944}.Release|Any CPU.ActiveCfg = Release|Any CPU
		{339236B6-0308-4AD2-9C38-A124143D0944}.Release|Any CPU.Build.0 = Release|Any CPU
	EndGlobalSection
	GlobalSection(SolutionProperties) = preSolution
		HideSolutionNode = FALSE
	EndGlobalSection
	GlobalSection(ExtensibilityGlobals) = postSolution
		SolutionGuid = {86F045DA-E439-4926-BBDF-4D292090F118}
	EndGlobalSection
EndGlobal
